<?xml version="1.0" encoding="utf-8"?>
<Project ToolsVersion="4.0" xmlns="http://schemas.microsoft.com/developer/msbuild/2003">
  <ItemGroup>
    <ClCompile Include="About.cpp">
      <Filter>Source Files</Filter>
    </ClCompile>
    <ClCompile Include="adddevice.cpp">
      <Filter>Source Files</Filter>
    </ClCompile>
    <ClCompile Include="adduser.cpp">
      <Filter>Source Files</Filter>
    </ClCompile>
    <ClCompile Include="AnalyseVideoAreaDlg.cpp">
      <Filter>Source Files</Filter>
    </ClCompile>
    <ClCompile Include="AnimationButton.cpp">
      <Filter>Source Files</Filter>
    </ClCompile>
    <ClCompile Include="appinit.cpp">
      <Filter>Source Files</Filter>
    </ClCompile>
    <ClCompile Include="BehaviorAnalyseDlg.cpp">
      <Filter>Source Files</Filter>
    </ClCompile>
    <ClCompile Include="capacityset.cpp">
      <Filter>Source Files</Filter>
    </ClCompile>
    <ClCompile Include="changeskin.cpp">
      <Filter>Source Files</Filter>
    </ClCompile>
    <ClCompile Include="clickedlabel.cpp">
      <Filter>Source Files</Filter>
    </ClCompile>
    <ClCompile Include="client.cpp">
      <Filter>Source Files</Filter>
    </ClCompile>
    <ClCompile Include="CompareEvent.cpp">
      <Filter>Source Files</Filter>
    </ClCompile>
    <ClCompile Include="comparerecord.cpp">
      <Filter>Source Files</Filter>
    </ClCompile>
    <ClCompile Include="ConfigNetwork.cpp">
      <Filter>Source Files</Filter>
    </ClCompile>
    <ClCompile Include="cpumemorylabel.cpp">
      <Filter>Source Files</Filter>
    </ClCompile>
    <ClCompile Include="DB.cpp">
      <Filter>Source Files</Filter>
    </ClCompile>
    <ClCompile Include="devtreepro.cpp">
      <Filter>Source Files</Filter>
    </ClCompile>
    <ClCompile Include="Dmp3b.cpp">
      <Filter>Source Files</Filter>
    </ClCompile>
    <ClCompile Include="equimentmgt.cpp">
      <Filter>Source Files</Filter>
    </ClCompile>
    <ClCompile Include="ExcelImport.cpp">
      <Filter>Source Files</Filter>
    </ClCompile>
    <ClCompile Include="FaceAlarm.cpp">
      <Filter>Source Files</Filter>
    </ClCompile>
    <ClCompile Include="FrameBuf.cpp">
      <Filter>Source Files</Filter>
    </ClCompile>
    <ClCompile Include="LayerDrawWidget.cpp">
      <Filter>Source Files</Filter>
    </ClCompile>
    <ClCompile Include="LayerWidget.cpp">
      <Filter>Source Files</Filter>
    </ClCompile>
    <ClCompile Include="login.cpp">
      <Filter>Source Files</Filter>
    </ClCompile>
    <ClCompile Include="logsearch.cpp">
      <Filter>Source Files</Filter>
    </ClCompile>
    <ClCompile Include="main.cpp">
      <Filter>Source Files</Filter>
    </ClCompile>
    <ClCompile Include="iconhelper.cpp">
      <Filter>Source Files</Filter>
    </ClCompile>
    <ClCompile Include="MessBox.cpp">
      <Filter>Source Files</Filter>
    </ClCompile>
    <ClCompile Include="mlog\mlog.cpp">
      <Filter>Source Files</Filter>
    </ClCompile>
    <ClCompile Include="ModifyChannel.cpp">
      <Filter>Source Files</Filter>
    </ClCompile>
    <ClCompile Include="modifydevice.cpp">
      <Filter>Source Files</Filter>
    </ClCompile>
    <ClCompile Include="modifyuser.cpp">
      <Filter>Source Files</Filter>
    </ClCompile>
    <ClCompile Include="OneVideo.cpp">
      <Filter>Source Files</Filter>
    </ClCompile>
    <ClCompile Include="OneVideoPro.cpp">
      <Filter>Source Files</Filter>
    </ClCompile>
    <ClCompile Include="ParamMeteSet.cpp">
      <Filter>Source Files</Filter>
    </ClCompile>
    <ClCompile Include="preview.cpp">
      <Filter>Source Files</Filter>
    </ClCompile>
    <ClCompile Include="recognition.cpp">
      <Filter>Source Files</Filter>
    </ClCompile>
    <ClCompile Include="RePlayDownDlg.cpp">
      <Filter>Source Files</Filter>
    </ClCompile>
    <ClCompile Include="showcpumemory.cpp">
      <Filter>Source Files</Filter>
    </ClCompile>
    <ClCompile Include="StreamSet.cpp">
      <Filter>Source Files</Filter>
    </ClCompile>
    <ClCompile Include="systemset.cpp">
      <Filter>Source Files</Filter>
    </ClCompile>
    <ClCompile Include="WindowLock.cpp">
      <Filter>Source Files</Filter>
    </ClCompile>
    <ClCompile Include="VMTools.cpp">
      <Filter>Source Files</Filter>
    </ClCompile>
    <ClCompile Include="VideoTimeLine.cpp">
      <Filter>Source Files</Filter>
    </ClCompile>
    <ClCompile Include="videoplayback.cpp">
      <Filter>Source Files</Filter>
    </ClCompile>
    <ClCompile Include="usermgt.cpp">
      <Filter>Source Files</Filter>
    </ClCompile>
    <ClCompile Include="Upgrade.cpp">
      <Filter>Source Files</Filter>
    </ClCompile>
    <ClCompile Include="unrecognition.cpp">
      <Filter>Source Files</Filter>
    </ClCompile>
    <ClCompile Include="TimeScaleControlWidget.cpp">
      <Filter>Source Files</Filter>
    </ClCompile>
    <ClCompile Include="res\qrc_client.cpp">
      <Filter>ResourceFiles</Filter>
    </ClCompile>
    <ClCompile Include="res\qrc_res.cpp">
      <Filter>ResourceFiles</Filter>
    </ClCompile>
    <ClCompile Include="GeneratedFiles\Debug\moc_About.cpp">
      <Filter>Generated Files\Debug</Filter>
    </ClCompile>
    <ClCompile Include="GeneratedFiles\Debug\moc_adddevice.cpp">
      <Filter>Generated Files\Debug</Filter>
    </ClCompile>
    <ClCompile Include="GeneratedFiles\Debug\moc_adduser.cpp">
      <Filter>Generated Files\Debug</Filter>
    </ClCompile>
    <ClCompile Include="GeneratedFiles\Debug\moc_AnalyseVideoAreaDlg.cpp">
      <Filter>Generated Files\Debug</Filter>
    </ClCompile>
    <ClCompile Include="GeneratedFiles\Debug\moc_AnimationButton.cpp">
      <Filter>Generated Files\Debug</Filter>
    </ClCompile>
    <ClCompile Include="GeneratedFiles\Debug\moc_appinit.cpp">
      <Filter>Generated Files\Debug</Filter>
    </ClCompile>
    <ClCompile Include="GeneratedFiles\Debug\moc_BehaviorAnalyseDlg.cpp">
      <Filter>Generated Files\Debug</Filter>
    </ClCompile>
    <ClCompile Include="GeneratedFiles\Debug\moc_capacityset.cpp">
      <Filter>Generated Files\Debug</Filter>
    </ClCompile>
    <ClCompile Include="GeneratedFiles\Debug\moc_changeskin.cpp">
      <Filter>Generated Files\Debug</Filter>
    </ClCompile>
    <ClCompile Include="GeneratedFiles\Debug\moc_clickedlabel.cpp">
      <Filter>Generated Files\Debug</Filter>
    </ClCompile>
    <ClCompile Include="GeneratedFiles\Debug\moc_client.cpp">
      <Filter>Generated Files\Debug</Filter>
    </ClCompile>
    <ClCompile Include="GeneratedFiles\Debug\moc_comparerecord.cpp">
      <Filter>Generated Files\Debug</Filter>
    </ClCompile>
    <ClCompile Include="GeneratedFiles\Debug\moc_ConfigNetwork.cpp">
      <Filter>Generated Files\Debug</Filter>
    </ClCompile>
    <ClCompile Include="GeneratedFiles\Debug\moc_cpumemorylabel.cpp">
      <Filter>Generated Files\Debug</Filter>
    </ClCompile>
    <ClCompile Include="GeneratedFiles\Debug\moc_DB.cpp">
      <Filter>Generated Files\Debug</Filter>
    </ClCompile>
    <ClCompile Include="GeneratedFiles\Debug\moc_devtreepro.cpp">
      <Filter>Generated Files\Debug</Filter>
    </ClCompile>
    <ClCompile Include="GeneratedFiles\Debug\moc_Dmp3b.cpp">
      <Filter>Generated Files\Debug</Filter>
    </ClCompile>
    <ClCompile Include="GeneratedFiles\Debug\moc_equimentmgt.cpp">
      <Filter>Generated Files\Debug</Filter>
    </ClCompile>
    <ClCompile Include="GeneratedFiles\Debug\moc_ExcelImport.cpp">
      <Filter>Generated Files\Debug</Filter>
    </ClCompile>
    <ClCompile Include="GeneratedFiles\Debug\moc_FaceAlarm.cpp">
      <Filter>Generated Files\Debug</Filter>
    </ClCompile>
    <ClCompile Include="GeneratedFiles\Debug\moc_iconhelper.cpp">
      <Filter>Generated Files\Debug</Filter>
    </ClCompile>
    <ClCompile Include="GeneratedFiles\Debug\moc_LayerDrawWidget.cpp">
      <Filter>Generated Files\Debug</Filter>
    </ClCompile>
    <ClCompile Include="GeneratedFiles\Debug\moc_LayerWidget.cpp">
      <Filter>Generated Files\Debug</Filter>
    </ClCompile>
    <ClCompile Include="GeneratedFiles\Debug\moc_login.cpp">
      <Filter>Generated Files\Debug</Filter>
    </ClCompile>
    <ClCompile Include="GeneratedFiles\Debug\moc_logsearch.cpp">
      <Filter>Generated Files\Debug</Filter>
    </ClCompile>
    <ClCompile Include="GeneratedFiles\Debug\moc_MessBox.cpp">
      <Filter>Generated Files\Debug</Filter>
    </ClCompile>
    <ClCompile Include="GeneratedFiles\Debug\moc_ModifyChannel.cpp">
      <Filter>Generated Files\Debug</Filter>
    </ClCompile>
    <ClCompile Include="GeneratedFiles\Debug\moc_modifydevice.cpp">
      <Filter>Generated Files\Debug</Filter>
    </ClCompile>
    <ClCompile Include="GeneratedFiles\Debug\moc_modifyuser.cpp">
      <Filter>Generated Files\Debug</Filter>
    </ClCompile>
    <ClCompile Include="GeneratedFiles\Debug\moc_OneVideo.cpp">
      <Filter>Generated Files\Debug</Filter>
    </ClCompile>
    <ClCompile Include="GeneratedFiles\Debug\moc_OneVideoPro.cpp">
      <Filter>Generated Files\Debug</Filter>
    </ClCompile>
    <ClCompile Include="GeneratedFiles\Debug\moc_ParamMeteSet.cpp">
      <Filter>Generated Files\Debug</Filter>
    </ClCompile>
    <ClCompile Include="GeneratedFiles\Debug\moc_preview.cpp">
      <Filter>Generated Files\Debug</Filter>
    </ClCompile>
    <ClCompile Include="GeneratedFiles\Debug\moc_recognition.cpp">
      <Filter>Generated Files\Debug</Filter>
    </ClCompile>
    <ClCompile Include="GeneratedFiles\Debug\moc_RePlayDownDlg.cpp">
      <Filter>Generated Files\Debug</Filter>
    </ClCompile>
    <ClCompile Include="GeneratedFiles\Debug\moc_showcpumemory.cpp">
      <Filter>Generated Files\Debug</Filter>
    </ClCompile>
    <ClCompile Include="GeneratedFiles\Debug\moc_StreamSet.cpp">
      <Filter>Generated Files\Debug</Filter>
    </ClCompile>
    <ClCompile Include="GeneratedFiles\Debug\moc_systemset.cpp">
      <Filter>Generated Files\Debug</Filter>
    </ClCompile>
    <ClCompile Include="GeneratedFiles\Debug\moc_TimeScaleControlWidget.cpp">
      <Filter>Generated Files\Debug</Filter>
    </ClCompile>
    <ClCompile Include="GeneratedFiles\Debug\moc_unrecognition.cpp">
      <Filter>Generated Files\Debug</Filter>
    </ClCompile>
    <ClCompile Include="GeneratedFiles\Debug\moc_Upgrade.cpp">
      <Filter>Generated Files\Debug</Filter>
    </ClCompile>
    <ClCompile Include="GeneratedFiles\Debug\moc_usermgt.cpp">
      <Filter>Generated Files\Debug</Filter>
    </ClCompile>
    <ClCompile Include="GeneratedFiles\Debug\moc_videoplayback.cpp">
      <Filter>Generated Files\Debug</Filter>
    </ClCompile>
    <ClCompile Include="GeneratedFiles\Debug\moc_VideoTimeLine.cpp">
      <Filter>Generated Files\Debug</Filter>
    </ClCompile>
    <ClCompile Include="GeneratedFiles\Debug\moc_VMTools.cpp">
      <Filter>Generated Files\Debug</Filter>
    </ClCompile>
    <ClCompile Include="GeneratedFiles\Debug\moc_WindowLock.cpp">
      <Filter>Generated Files\Debug</Filter>
    </ClCompile>
    <ClCompile Include="GeneratedFiles\Debug\moc_VideoWarning.cpp">
      <Filter>Generated Files\Debug</Filter>
    </ClCompile>
    <ClCompile Include="GeneratedFiles\Debug\moc_OrdinarySet.cpp">
      <Filter>Generated Files\Debug</Filter>
    </ClCompile>
    <ClCompile Include="Device\Device.cpp">
      <Filter>Device</Filter>
    </ClCompile>
    <ClCompile Include="Device\JLNDevice.cpp">
      <Filter>Device</Filter>
    </ClCompile>
    <ClCompile Include="GeneratedFiles\Debug\moc_TemperatureBox.cpp">
      <Filter>Generated Files\Debug</Filter>
    </ClCompile>
    <ClCompile Include="GeneratedFiles\Debug\moc_AnalysisDlg.cpp">
      <Filter>Generated Files\Debug</Filter>
    </ClCompile>
    <ClCompile Include="AnalysisDlg.cpp">
      <Filter>Source Files</Filter>
    </ClCompile>
    <ClCompile Include="TemperatureBox.cpp">
      <Filter>Source Files</Filter>
    </ClCompile>
    <ClCompile Include="OrdinarySet.cpp">
      <Filter>Source Files</Filter>
    </ClCompile>
    <ClCompile Include="GeneratedFiles\Debug\moc_ImageSet.cpp">
      <Filter>Generated Files\Debug</Filter>
    </ClCompile>
    <ClCompile Include="ImageSet.cpp">
      <Filter>Source Files</Filter>
    </ClCompile>
    <ClCompile Include="VideoWarning.cpp">
      <Filter>Source Files</Filter>
    </ClCompile>
    <ClCompile Include="GeneratedFiles\Release\moc_About.cpp">
      <Filter>Generated Files\Release</Filter>
    </ClCompile>
    <ClCompile Include="GeneratedFiles\Release\moc_adddevice.cpp">
      <Filter>Generated Files\Release</Filter>
    </ClCompile>
    <ClCompile Include="GeneratedFiles\Release\moc_adduser.cpp">
      <Filter>Generated Files\Release</Filter>
    </ClCompile>
    <ClCompile Include="GeneratedFiles\Release\moc_AnalyseVideoAreaDlg.cpp">
      <Filter>Generated Files\Release</Filter>
    </ClCompile>
    <ClCompile Include="GeneratedFiles\Release\moc_AnalysisDlg.cpp">
      <Filter>Generated Files\Release</Filter>
    </ClCompile>
    <ClCompile Include="GeneratedFiles\Release\moc_AnimationButton.cpp">
      <Filter>Generated Files\Release</Filter>
    </ClCompile>
    <ClCompile Include="GeneratedFiles\Release\moc_appinit.cpp">
      <Filter>Generated Files\Release</Filter>
    </ClCompile>
    <ClCompile Include="GeneratedFiles\Release\moc_BehaviorAnalyseDlg.cpp">
      <Filter>Generated Files\Release</Filter>
    </ClCompile>
    <ClCompile Include="GeneratedFiles\Release\moc_capacityset.cpp">
      <Filter>Generated Files\Release</Filter>
    </ClCompile>
    <ClCompile Include="GeneratedFiles\Release\moc_changeskin.cpp">
      <Filter>Generated Files\Release</Filter>
    </ClCompile>
    <ClCompile Include="GeneratedFiles\Release\moc_clickedlabel.cpp">
      <Filter>Generated Files\Release</Filter>
    </ClCompile>
    <ClCompile Include="GeneratedFiles\Release\moc_client.cpp">
      <Filter>Generated Files\Release</Filter>
    </ClCompile>
    <ClCompile Include="GeneratedFiles\Release\moc_comparerecord.cpp">
      <Filter>Generated Files\Release</Filter>
    </ClCompile>
    <ClCompile Include="GeneratedFiles\Release\moc_ConfigNetwork.cpp">
      <Filter>Generated Files\Release</Filter>
    </ClCompile>
    <ClCompile Include="GeneratedFiles\Release\moc_cpumemorylabel.cpp">
      <Filter>Generated Files\Release</Filter>
    </ClCompile>
    <ClCompile Include="GeneratedFiles\Release\moc_DB.cpp">
      <Filter>Generated Files\Release</Filter>
    </ClCompile>
    <ClCompile Include="GeneratedFiles\Release\moc_devtreepro.cpp">
      <Filter>Generated Files\Release</Filter>
    </ClCompile>
    <ClCompile Include="GeneratedFiles\Release\moc_Dmp3b.cpp">
      <Filter>Generated Files\Release</Filter>
    </ClCompile>
    <ClCompile Include="GeneratedFiles\Release\moc_equimentmgt.cpp">
      <Filter>Generated Files\Release</Filter>
    </ClCompile>
    <ClCompile Include="GeneratedFiles\Release\moc_ExcelImport.cpp">
      <Filter>Generated Files\Release</Filter>
    </ClCompile>
    <ClCompile Include="GeneratedFiles\Release\moc_FaceAlarm.cpp">
      <Filter>Generated Files\Release</Filter>
    </ClCompile>
    <ClCompile Include="GeneratedFiles\Release\moc_iconhelper.cpp">
      <Filter>Generated Files\Release</Filter>
    </ClCompile>
    <ClCompile Include="GeneratedFiles\Release\moc_ImageSet.cpp">
      <Filter>Generated Files\Release</Filter>
    </ClCompile>
    <ClCompile Include="GeneratedFiles\Release\moc_LayerDrawWidget.cpp">
      <Filter>Generated Files\Release</Filter>
    </ClCompile>
    <ClCompile Include="GeneratedFiles\Release\moc_LayerWidget.cpp">
      <Filter>Generated Files\Release</Filter>
    </ClCompile>
    <ClCompile Include="GeneratedFiles\Release\moc_login.cpp">
      <Filter>Generated Files\Release</Filter>
    </ClCompile>
    <ClCompile Include="GeneratedFiles\Release\moc_logsearch.cpp">
      <Filter>Generated Files\Release</Filter>
    </ClCompile>
    <ClCompile Include="GeneratedFiles\Release\moc_MessBox.cpp">
      <Filter>Generated Files\Release</Filter>
    </ClCompile>
    <ClCompile Include="GeneratedFiles\Release\moc_ModifyChannel.cpp">
      <Filter>Generated Files\Release</Filter>
    </ClCompile>
    <ClCompile Include="GeneratedFiles\Release\moc_modifydevice.cpp">
      <Filter>Generated Files\Release</Filter>
    </ClCompile>
    <ClCompile Include="GeneratedFiles\Release\moc_modifyuser.cpp">
      <Filter>Generated Files\Release</Filter>
    </ClCompile>
    <ClCompile Include="GeneratedFiles\Release\moc_OneVideo.cpp">
      <Filter>Generated Files\Release</Filter>
    </ClCompile>
    <ClCompile Include="GeneratedFiles\Release\moc_OneVideoPro.cpp">
      <Filter>Generated Files\Release</Filter>
    </ClCompile>
    <ClCompile Include="GeneratedFiles\Release\moc_OrdinarySet.cpp">
      <Filter>Generated Files\Release</Filter>
    </ClCompile>
    <ClCompile Include="GeneratedFiles\Release\moc_ParamMeteSet.cpp">
      <Filter>Generated Files\Release</Filter>
    </ClCompile>
    <ClCompile Include="GeneratedFiles\Release\moc_preview.cpp">
      <Filter>Generated Files\Release</Filter>
    </ClCompile>
    <ClCompile Include="GeneratedFiles\Release\moc_recognition.cpp">
      <Filter>Generated Files\Release</Filter>
    </ClCompile>
    <ClCompile Include="GeneratedFiles\Release\moc_RePlayDownDlg.cpp">
      <Filter>Generated Files\Release</Filter>
    </ClCompile>
    <ClCompile Include="GeneratedFiles\Release\moc_showcpumemory.cpp">
      <Filter>Generated Files\Release</Filter>
    </ClCompile>
    <ClCompile Include="GeneratedFiles\Release\moc_StreamSet.cpp">
      <Filter>Generated Files\Release</Filter>
    </ClCompile>
    <ClCompile Include="GeneratedFiles\Release\moc_systemset.cpp">
      <Filter>Generated Files\Release</Filter>
    </ClCompile>
    <ClCompile Include="GeneratedFiles\Release\moc_TemperatureBox.cpp">
      <Filter>Generated Files\Release</Filter>
    </ClCompile>
    <ClCompile Include="GeneratedFiles\Release\moc_TimeScaleControlWidget.cpp">
      <Filter>Generated Files\Release</Filter>
    </ClCompile>
    <ClCompile Include="GeneratedFiles\Release\moc_unrecognition.cpp">
      <Filter>Generated Files\Release</Filter>
    </ClCompile>
    <ClCompile Include="GeneratedFiles\Release\moc_Upgrade.cpp">
      <Filter>Generated Files\Release</Filter>
    </ClCompile>
    <ClCompile Include="GeneratedFiles\Release\moc_usermgt.cpp">
      <Filter>Generated Files\Release</Filter>
    </ClCompile>
    <ClCompile Include="GeneratedFiles\Release\moc_videoplayback.cpp">
      <Filter>Generated Files\Release</Filter>
    </ClCompile>
    <ClCompile Include="GeneratedFiles\Release\moc_VideoTimeLine.cpp">
      <Filter>Generated Files\Release</Filter>
    </ClCompile>
    <ClCompile Include="GeneratedFiles\Release\moc_VideoWarning.cpp">
      <Filter>Generated Files\Release</Filter>
    </ClCompile>
    <ClCompile Include="GeneratedFiles\Release\moc_VMTools.cpp">
      <Filter>Generated Files\Release</Filter>
    </ClCompile>
    <ClCompile Include="GeneratedFiles\Release\moc_WindowLock.cpp">
      <Filter>Generated Files\Release</Filter>
    </ClCompile>
  </ItemGroup>
  <ItemGroup>
    <CustomBuild Include="About.h">
      <Filter>Header Files</Filter>
    </CustomBuild>
    <CustomBuild Include="adddevice.h">
      <Filter>Header Files</Filter>
    </CustomBuild>
    <CustomBuild Include="adduser.h">
      <Filter>Header Files</Filter>
    </CustomBuild>
    <CustomBuild Include="AnalyseVideoAreaDlg.h">
      <Filter>Header Files</Filter>
    </CustomBuild>
    <CustomBuild Include="AnimationButton.h">
      <Filter>Header Files</Filter>
    </CustomBuild>
    <CustomBuild Include="appinit.h">
      <Filter>Header Files</Filter>
    </CustomBuild>
    <CustomBuild Include="BehaviorAnalyseDlg.h">
      <Filter>Header Files</Filter>
    </CustomBuild>
    <CustomBuild Include="capacityset.h">
      <Filter>Header Files</Filter>
    </CustomBuild>
    <CustomBuild Include="changeskin.h">
      <Filter>Header Files</Filter>
    </CustomBuild>
    <CustomBuild Include="clickedlabel.h">
      <Filter>Header Files</Filter>
    </CustomBuild>
    <CustomBuild Include="client.h">
      <Filter>Header Files</Filter>
    </CustomBuild>
    <CustomBuild Include="CompareEvent.h">
      <Filter>Header Files</Filter>
    </CustomBuild>
    <CustomBuild Include="comparerecord.h">
      <Filter>Header Files</Filter>
    </CustomBuild>
    <CustomBuild Include="ConfigNetwork.h">
      <Filter>Header Files</Filter>
    </CustomBuild>
    <CustomBuild Include="Configsetting.h">
      <Filter>Header Files</Filter>
    </CustomBuild>
    <CustomBuild Include="cpumemorylabel.h">
      <Filter>Header Files</Filter>
    </CustomBuild>
    <CustomBuild Include="DB.h">
      <Filter>Header Files</Filter>
    </CustomBuild>
    <CustomBuild Include="devtreepro.h">
      <Filter>Header Files</Filter>
    </CustomBuild>
    <CustomBuild Include="Dmp3b.h">
      <Filter>Header Files</Filter>
    </CustomBuild>
    <CustomBuild Include="equimentmgt.h">
      <Filter>Header Files</Filter>
    </CustomBuild>
    <CustomBuild Include="ExcelImport.h">
      <Filter>Header Files</Filter>
    </CustomBuild>
    <CustomBuild Include="FaceAlarm.h">
      <Filter>Header Files</Filter>
    </CustomBuild>
    <CustomBuild Include="FrameBuf.h">
      <Filter>Header Files</Filter>
    </CustomBuild>
    <CustomBuild Include="Helper.h">
      <Filter>Header Files</Filter>
    </CustomBuild>
    <CustomBuild Include="iconhelper.h">
      <Filter>Header Files</Filter>
    </CustomBuild>
    <CustomBuild Include="LayerDrawWidget.h">
      <Filter>Header Files</Filter>
    </CustomBuild>
    <CustomBuild Include="frameHead.h">
      <Filter>Header Files</Filter>
    </CustomBuild>
    <CustomBuild Include="LayerWidget.h">
      <Filter>Header Files</Filter>
    </CustomBuild>
    <CustomBuild Include="login.h">
      <Filter>Header Files</Filter>
    </CustomBuild>
    <CustomBuild Include="logsearch.h">
      <Filter>Header Files</Filter>
    </CustomBuild>
    <CustomBuild Include="MessBox.h">
      <Filter>Header Files</Filter>
    </CustomBuild>
    <CustomBuild Include="mlog\mlog.h">
      <Filter>Header Files</Filter>
    </CustomBuild>
    <CustomBuild Include="ModifyChannel.h">
      <Filter>Header Files</Filter>
    </CustomBuild>
    <CustomBuild Include="modifydevice.h">
      <Filter>Header Files</Filter>
    </CustomBuild>
    <CustomBuild Include="modifyuser.h">
      <Filter>Header Files</Filter>
    </CustomBuild>
    <CustomBuild Include="myhelper.h">
      <Filter>Header Files</Filter>
    </CustomBuild>
    <CustomBuild Include="OneVideo.h">
      <Filter>Header Files</Filter>
    </CustomBuild>
    <CustomBuild Include="OneVideoPro.h">
      <Filter>Header Files</Filter>
    </CustomBuild>
    <CustomBuild Include="ParamMeteSet.h">
      <Filter>Header Files</Filter>
    </CustomBuild>
    <CustomBuild Include="preview.h">
      <Filter>Header Files</Filter>
    </CustomBuild>
    <CustomBuild Include="recognition.h">
      <Filter>Header Files</Filter>
    </CustomBuild>
    <CustomBuild Include="RePlayDownDlg.h">
      <Filter>Header Files</Filter>
    </CustomBuild>
    <CustomBuild Include="showcpumemory.h">
      <Filter>Header Files</Filter>
    </CustomBuild>
    <CustomBuild Include="StreamSet.h">
      <Filter>Header Files</Filter>
    </CustomBuild>
    <CustomBuild Include="systemset.h">
      <Filter>Header Files</Filter>
    </CustomBuild>
    <CustomBuild Include="TimeScaleControlWidget.h">
      <Filter>Header Files</Filter>
    </CustomBuild>
    <CustomBuild Include="unrecognition.h">
      <Filter>Header Files</Filter>
    </CustomBuild>
    <CustomBuild Include="Upgrade.h">
      <Filter>Header Files</Filter>
    </CustomBuild>
    <CustomBuild Include="usermgt.h">
      <Filter>Header Files</Filter>
    </CustomBuild>
    <CustomBuild Include="videoplayback.h">
      <Filter>Header Files</Filter>
    </CustomBuild>
    <CustomBuild Include="VideoTimeLine.h">
      <Filter>Header Files</Filter>
    </CustomBuild>
    <CustomBuild Include="VMTools.h">
      <Filter>Header Files</Filter>
    </CustomBuild>
    <CustomBuild Include="WindowLock.h">
      <Filter>Header Files</Filter>
    </CustomBuild>
    <CustomBuild Include="resource1.h">
      <Filter>Header Files</Filter>
    </CustomBuild>
    <CustomBuild Include="res.qrc">
      <Filter>ResourceFiles</Filter>
    </CustomBuild>
    <CustomBuild Include="svms_en.ts">
      <Filter>ResourceFiles</Filter>
    </CustomBuild>
    <CustomBuild Include="UI\About.ui">
      <Filter>UI</Filter>
    </CustomBuild>
    <CustomBuild Include="UI\adddevice.ui">
      <Filter>UI</Filter>
    </CustomBuild>
    <CustomBuild Include="UI\adduser.ui">
      <Filter>UI</Filter>
    </CustomBuild>
    <CustomBuild Include="UI\AnalyseVideoAreaDlg.ui">
      <Filter>UI</Filter>
    </CustomBuild>
    <CustomBuild Include="UI\BehaviorAnalyseDlg.ui">
      <Filter>UI</Filter>
    </CustomBuild>
    <CustomBuild Include="UI\capacityset.ui">
      <Filter>UI</Filter>
    </CustomBuild>
    <CustomBuild Include="UI\changeskin.ui">
      <Filter>UI</Filter>
    </CustomBuild>
    <CustomBuild Include="UI\client.ui">
      <Filter>UI</Filter>
    </CustomBuild>
    <CustomBuild Include="UI\comparerecord.ui">
      <Filter>UI</Filter>
    </CustomBuild>
    <CustomBuild Include="UI\ConfigNetwork.ui">
      <Filter>UI</Filter>
    </CustomBuild>
    <CustomBuild Include="UI\display.ui">
      <Filter>UI</Filter>
    </CustomBuild>
    <CustomBuild Include="UI\electrocmap.ui">
      <Filter>UI</Filter>
    </CustomBuild>
    <CustomBuild Include="UI\equimentlist.ui">
      <Filter>UI</Filter>
    </CustomBuild>
    <CustomBuild Include="UI\equimentmgt.ui">
      <Filter>UI</Filter>
    </CustomBuild>
    <CustomBuild Include="UI\ExcelImport.ui">
      <Filter>UI</Filter>
    </CustomBuild>
    <CustomBuild Include="UI\FaceAlarm.ui">
      <Filter>UI</Filter>
    </CustomBuild>
    <CustomBuild Include="UI\ImageSet.ui">
      <Filter>UI</Filter>
    </CustomBuild>
    <CustomBuild Include="UI\JLConfigSetting.ui">
      <Filter>UI</Filter>
    </CustomBuild>
    <CustomBuild Include="UI\login.ui">
      <Filter>UI</Filter>
    </CustomBuild>
    <CustomBuild Include="UI\logsearch.ui">
      <Filter>UI</Filter>
    </CustomBuild>
    <CustomBuild Include="UI\MessBox.ui">
      <Filter>UI</Filter>
    </CustomBuild>
    <CustomBuild Include="UI\ModifyChannel.ui">
      <Filter>UI</Filter>
    </CustomBuild>
    <CustomBuild Include="UI\modifydevice.ui">
      <Filter>UI</Filter>
    </CustomBuild>
    <CustomBuild Include="UI\modifyuser.ui">
      <Filter>UI</Filter>
    </CustomBuild>
    <CustomBuild Include="UI\OneVideo.ui">
      <Filter>UI</Filter>
    </CustomBuild>
    <CustomBuild Include="UI\OneVideoPro.ui">
      <Filter>UI</Filter>
    </CustomBuild>
    <CustomBuild Include="UI\OrdinarySet.ui">
      <Filter>UI</Filter>
    </CustomBuild>
    <CustomBuild Include="UI\ParamMeteSet.ui">
      <Filter>UI</Filter>
    </CustomBuild>
    <CustomBuild Include="UI\preview.ui">
      <Filter>UI</Filter>
    </CustomBuild>
    <CustomBuild Include="UI\recognition.ui">
      <Filter>UI</Filter>
    </CustomBuild>
    <CustomBuild Include="UI\RePlayDownDlg.ui">
      <Filter>UI</Filter>
    </CustomBuild>
    <CustomBuild Include="UI\StreamSet.ui">
      <Filter>UI</Filter>
    </CustomBuild>
    <CustomBuild Include="UI\systemset.ui">
      <Filter>UI</Filter>
    </CustomBuild>
    <CustomBuild Include="UI\unrecognition.ui">
      <Filter>UI</Filter>
    </CustomBuild>
    <CustomBuild Include="UI\Upgrade.ui">
      <Filter>UI</Filter>
    </CustomBuild>
    <CustomBuild Include="UI\usermgt.ui">
      <Filter>UI</Filter>
    </CustomBuild>
    <CustomBuild Include="UI\videoplayback.ui">
      <Filter>UI</Filter>
    </CustomBuild>
    <CustomBuild Include="UI\VideoWarning.ui">
      <Filter>UI</Filter>
    </CustomBuild>
    <CustomBuild Include="UI\VMTools.ui">
      <Filter>UI</Filter>
    </CustomBuild>
    <CustomBuild Include="UI\WindowLock.ui">
      <Filter>UI</Filter>
    </CustomBuild>
    <CustomBuild Include="UI\TempratureBox.ui">
      <Filter>UI</Filter>
    </CustomBuild>
    <CustomBuild Include="UI\AnalysisDlg.ui">
      <Filter>UI</Filter>
    </CustomBuild>
    <CustomBuild Include="AnalysisDlg.h">
      <Filter>Header Files</Filter>
    </CustomBuild>
    <CustomBuild Include="OrdinarySet.h">
      <Filter>Header Files</Filter>
    </CustomBuild>
    <CustomBuild Include="TemperatureBox.h">
      <Filter>Header Files</Filter>
    </CustomBuild>
    <CustomBuild Include="ImageSet.h">
      <Filter>Header Files</Filter>
    </CustomBuild>
    <CustomBuild Include="VideoWarning.h">
      <Filter>Header Files</Filter>
    </CustomBuild>
  </ItemGroup>
  <ItemGroup>
    <Filter Include="UI">
      <UniqueIdentifier>{1dffb346-c679-44d7-981b-7aa61b2dc62d}</UniqueIdentifier>
    </Filter>
    <Filter Include="ResourceFiles">
      <UniqueIdentifier>{50688788-e272-477d-a5c1-f64e170e2ddd}</UniqueIdentifier>
    </Filter>
    <Filter Include="Device">
      <UniqueIdentifier>{8509f707-fd41-45e8-9222-994e833e5e2d}</UniqueIdentifier>
    </Filter>
    <Filter Include="Generated Files">
      <UniqueIdentifier>{71ED8ED8-ACB9-4CE9-BBE1-E00B30144E11}</UniqueIdentifier>
      <Extensions>moc;h;cpp</Extensions>
      <ParseFiles>true</ParseFiles>
    </Filter>
    <Filter Include="Generated Files\Debug">
      <UniqueIdentifier>{70d45c12-07d8-4b15-8420-df7a11dce4ff}</UniqueIdentifier>
    </Filter>
    <Filter Include="Header Files">
      <UniqueIdentifier>{0ee3845b-c8e4-406c-8c40-5fac4e9b03f5}</UniqueIdentifier>
    </Filter>
    <Filter Include="Source Files">
      <UniqueIdentifier>{55348c2a-a5d3-4d2a-b4c7-310c3bf4e062}</UniqueIdentifier>
    </Filter>
    <Filter Include="Generated Files\Release">
      <UniqueIdentifier>{a32102ad-2427-473a-ad79-cdb9e561eca0}</UniqueIdentifier>
    </Filter>
  </ItemGroup>
  <ItemGroup>
    <ResourceCompile Include="sVms1.rc">
      <Filter>ResourceFiles</Filter>
    </ResourceCompile>
  </ItemGroup>
  <ItemGroup>
    <Image Include="res\main.ico">
      <Filter>ResourceFiles</Filter>
    </Image>
    <Image Include="main.ico" />
  </ItemGroup>
  <ItemGroup>
    <ClInclude Include="..\..\public\include\table_structs.h">
      <Filter>Device</Filter>
    </ClInclude>
    <ClInclude Include="Device\Device.h">
      <Filter>Device</Filter>
    </ClInclude>
    <ClInclude Include="Device\JLNDevice.h">
      <Filter>Device</Filter>
    </ClInclude>
    <ClInclude Include="GeneratedFiles\ui_About.h">
      <Filter>Generated Files</Filter>
    </ClInclude>
    <ClInclude Include="GeneratedFiles\ui_adddevice.h">
      <Filter>Generated Files</Filter>
    </ClInclude>
    <ClInclude Include="GeneratedFiles\ui_adduser.h">
      <Filter>Generated Files</Filter>
    </ClInclude>
    <ClInclude Include="GeneratedFiles\ui_AnalyseVideoAreaDlg.h">
      <Filter>Generated Files</Filter>
    </ClInclude>
    <ClInclude Include="GeneratedFiles\ui_BehaviorAnalyseDlg.h">
      <Filter>Generated Files</Filter>
    </ClInclude>
    <ClInclude Include="GeneratedFiles\ui_capacityset.h">
      <Filter>Generated Files</Filter>
    </ClInclude>
    <ClInclude Include="GeneratedFiles\ui_changeskin.h">
      <Filter>Generated Files</Filter>
    </ClInclude>
    <ClInclude Include="GeneratedFiles\ui_client.h">
      <Filter>Generated Files</Filter>
    </ClInclude>
    <ClInclude Include="GeneratedFiles\ui_comparerecord.h">
      <Filter>Generated Files</Filter>
    </ClInclude>
    <ClInclude Include="GeneratedFiles\ui_ConfigNetwork.h">
      <Filter>Generated Files</Filter>
    </ClInclude>
    <ClInclude Include="GeneratedFiles\ui_display.h">
      <Filter>Generated Files</Filter>
    </ClInclude>
    <ClInclude Include="GeneratedFiles\ui_electrocmap.h">
      <Filter>Generated Files</Filter>
    </ClInclude>
    <ClInclude Include="GeneratedFiles\ui_equimentlist.h">
      <Filter>Generated Files</Filter>
    </ClInclude>
    <ClInclude Include="GeneratedFiles\ui_equimentmgt.h">
      <Filter>Generated Files</Filter>
    </ClInclude>
    <ClInclude Include="GeneratedFiles\ui_ExcelImport.h">
      <Filter>Generated Files</Filter>
    </ClInclude>
    <ClInclude Include="GeneratedFiles\ui_FaceAlarm.h">
      <Filter>Generated Files</Filter>
    </ClInclude>
    <ClInclude Include="GeneratedFiles\ui_ImageSet.h">
      <Filter>Generated Files</Filter>
    </ClInclude>
    <ClInclude Include="GeneratedFiles\ui_JLConfigSetting.h">
      <Filter>Generated Files</Filter>
    </ClInclude>
    <ClInclude Include="GeneratedFiles\ui_login.h">
      <Filter>Generated Files</Filter>
    </ClInclude>
    <ClInclude Include="GeneratedFiles\ui_logsearch.h">
      <Filter>Generated Files</Filter>
    </ClInclude>
    <ClInclude Include="GeneratedFiles\ui_MessBox.h">
      <Filter>Generated Files</Filter>
    </ClInclude>
    <ClInclude Include="GeneratedFiles\ui_ModifyChannel.h">
      <Filter>Generated Files</Filter>
    </ClInclude>
    <ClInclude Include="GeneratedFiles\ui_modifydevice.h">
      <Filter>Generated Files</Filter>
    </ClInclude>
    <ClInclude Include="GeneratedFiles\ui_modifyuser.h">
      <Filter>Generated Files</Filter>
    </ClInclude>
    <ClInclude Include="GeneratedFiles\ui_OneVideo.h">
      <Filter>Generated Files</Filter>
    </ClInclude>
    <ClInclude Include="GeneratedFiles\ui_OneVideoPro.h">
      <Filter>Generated Files</Filter>
    </ClInclude>
    <ClInclude Include="GeneratedFiles\ui_OrdinarySet.h">
      <Filter>Generated Files</Filter>
    </ClInclude>
    <ClInclude Include="GeneratedFiles\ui_ParamMeteSet.h">
      <Filter>Generated Files</Filter>
    </ClInclude>
    <ClInclude Include="GeneratedFiles\ui_preview.h">
      <Filter>Generated Files</Filter>
    </ClInclude>
    <ClInclude Include="GeneratedFiles\ui_recognition.h">
      <Filter>Generated Files</Filter>
    </ClInclude>
    <ClInclude Include="GeneratedFiles\ui_RePlayDownDlg.h">
      <Filter>Generated Files</Filter>
    </ClInclude>
    <ClInclude Include="GeneratedFiles\ui_StreamSet.h">
      <Filter>Generated Files</Filter>
    </ClInclude>
    <ClInclude Include="GeneratedFiles\ui_systemset.h">
      <Filter>Generated Files</Filter>
    </ClInclude>
    <ClInclude Include="GeneratedFiles\ui_unrecognition.h">
      <Filter>Generated Files</Filter>
    </ClInclude>
    <ClInclude Include="GeneratedFiles\ui_Upgrade.h">
      <Filter>Generated Files</Filter>
    </ClInclude>
    <ClInclude Include="GeneratedFiles\ui_usermgt.h">
      <Filter>Generated Files</Filter>
    </ClInclude>
    <ClInclude Include="GeneratedFiles\ui_videoplayback.h">
      <Filter>Generated Files</Filter>
    </ClInclude>
    <ClInclude Include="GeneratedFiles\ui_VideoWarning.h">
      <Filter>Generated Files</Filter>
    </ClInclude>
    <ClInclude Include="GeneratedFiles\ui_VMTools.h">
      <Filter>Generated Files</Filter>
    </ClInclude>
    <ClInclude Include="GeneratedFiles\ui_WindowLock.h">
      <Filter>Generated Files</Filter>
    </ClInclude>
    <ClInclude Include="GeneratedFiles\ui_TempratureBox.h">
      <Filter>Generated Files</Filter>
    </ClInclude>
    <ClInclude Include="GeneratedFiles\ui_AnalysisDlg.h">
      <Filter>Generated Files</Filter>
    </ClInclude>
  </ItemGroup>
</Project>